{
  "originHash" : "b945ae04597fde04611e3e9cd6c7b1b0872416af82ff1f766fdbb54513b32291",
  "pins" : [
    {
      "identity" : "emojipicker",
      "kind" : "remoteSourceControl",
      "location" : "https://github.com/Kelvas09/EmojiPicker.git",
      "state" : {
        "revision" : "d787591e2121b617209172ad6a8ebf2975f605ae",
        "version" : "1.0.1"
      }
    },
    {
      "identity" : "permissionskit",
      "kind" : "remoteSourceControl",
      "location" : "https://github.com/sparrowcode/PermissionsKit",
      "state" : {
        "revision" : "a54806370a4b9e5d3bd2e61c9d570462c8f7d835",
        "version" : "9.2.2"
      }
    },
    {
      "identity" : "setting",
      "kind" : "remoteSourceControl",
      "location" : "https://github.com/aheze/Setting",
      "state" : {
        "revision" : "f506b13b2024fc3e7585b6e4f8290f6f1525127c",
        "version" : "1.0.1"
      }
    },
    {
      "identity" : "sfsymbolspicker",
      "kind" : "remoteSourceControl",
      "location" : "https://github.com/alessiorubicini/SFSymbolsPicker",
      "state" : {
        "revision" : "336e6f59e83dc759703aa80ab7826df9d281233c",
        "version" : "1.0.4"
      }
    },
    {
      "identity" : "smile",
      "kind" : "remoteSourceControl",
      "location" : "https://github.com/onmyway133/Smile",
      "state" : {
        "revision" : "40604722a7a56f735124e069fcbb58307637744b",
        "version" : "2.1.0"
      }
    }
  ],
  "version" : 3
}
